{
  "nodes": {
    "looking-glass": {
      "inputs": {
        "nixpkgs": [
          "nixpkgs"
        ]
      },
      "locked": {
        "lastModified": 1790857167,
        "narHash": "sha256-n2MHb/9XxVfuJp6ivz1X5q/vpTcGY1Nf/mrruumRfTY=",
        "owner": "Jatsekku",
        "repo": "looking-glass",
        "rev": "647eddecd367d6edc285ef4080e8f3bcfdfc36be",
        "type": "github"
      },
      "original": {
        "owner": "Jatsekku",
        "repo": "looking-glass",
        "type": "github"
      }
    },
    "nixpkgs": {
      "locked": {
        "lastModified": 1790238896,
        "narHash": "sha256-ym4BG18Pu2awiJIehla1Lo9xiB2QYRcCzW3SB74gEBY=",
        "owner": "NixOS",
        "repo": "nixpkgs",
        "rev": "34ca302a9572963c02e385c056be37c85ff51b77",
        "type": "github"
      },
      "original": {
        "owner": "NixOS",
        "ref": "nixpkgs-unstable",
        "repo": "nixpkgs",
        "type": "github"
      }
    },
    "nixvirt": {
      "inputs": {
        "nixpkgs": [
          "nixpkgs"
        ]
      },
      "locked": {
        "lastModified": 1790582492,
        "narHash": "sha256-K3e4Kek8rl6+e0JFOABqoage01UyroU299WRMIK+qJo=",
        "owner": "AshleyYakeley",
        "repo": "NixVirt",
        "rev": "1718a120e0b5d6af4df53a5c95ab3c670ae2d6b7",
        "type": "github"
      },
      "original": {
        "owner": "AshleyYakeley",
        "repo": "NixVirt",
        "type": "github"
      }
    },
    "root": {
      "inputs": {
        "looking-glass": "looking-glass",
        "nixpkgs": "nixpkgs",
        "nixvirt": "nixvirt"
      }
    }
  },
  "root": "root",
  "version": 7
}
