{
  "nodes": {
    "looking-glass": {
      "inputs": {
        "nixpkgs": [
          "nixpkgs"
        ]
      },
      "locked": {
        "lastModified": 1790586626,
        "narHash": "sha256-vFtUqDNRhga6TXp9JWWJnPHAJfzWNCqevj4qEdxEq70=",
        "owner": "Jatsekku",
        "repo": "looking-glass",
        "rev": "d88ef3a9c8fd198bfd815cffcd30efe7ccd95962",
        "type": "github"
      },
      "original": {
        "owner": "Jatsekku",
        "repo": "looking-glass",
        "type": "github"
      }
    },
    "nixpkgs": {
      "locked": {
        "lastModified": 1790238896,
        "narHash": "sha256-ym4BG18Pu2awiJIehla1Lo9xiB2QYRcCzW3SB74gEBY=",
        "owner": "NixOS",
        "repo": "nixpkgs",
        "rev": "34ca302a9572963c02e385c056be37c85ff51b77",
        "type": "github"
      },
      "original": {
        "owner": "NixOS",
        "ref": "nixpkgs-unstable",
        "repo": "nixpkgs",
        "type": "github"
      }
    },
    "nixvirt": {
      "inputs": {
        "nixpkgs": [
          "nixpkgs"
        ]
      },
      "locked": {
        "lastModified": 1783240168,
        "narHash": "sha256-9zaLOKal8uI+ecKaOBCOfGcZe/HG1xQQnlDDjPoOmwE=",
        "owner": "AshleyYakeley",
        "repo": "NixVirt",
        "rev": "6d213ab42f72ba41c2eb4e6bdb97581c0642d942",
        "type": "github"
      },
      "original": {
        "owner": "AshleyYakeley",
        "repo": "NixVirt",
        "type": "github"
      }
    },
    "root": {
      "inputs": {
        "looking-glass": "looking-glass",
        "nixpkgs": "nixpkgs",
        "nixvirt": "nixvirt"
      }
    }
  },
  "root": "root",
  "version": 7
}
